
Microsoft Visual Studio Solution File, Format Version 12.00
# Visual Studio Version 16
VisualStudioVersion = 16.0.30011.22
MinimumVisualStudioVersion = 10.0.40219.1
Project("{FAE04EC0-301F-11D3-BF4B-00C04F79EFBC}") = "nginxdemo", "nginxdemo.csproj", "{10DB302E-3C54-408A-B730-8B306B63F8F9}"
EndProject
Global
	GlobalSection(SolutionConfigurationPlatforms) = preSolution
		Debug|Any CPU = Debug|Any CPU
		Release|Any CPU = Release|Any CPU
	EndGlobalSection
	GlobalSection(ProjectConfigurationPlatforms) = postSolution
		{10DB302E-3C54-408A-B730-8B306B63F8F9}.Debug|Any CPU.ActiveCfg = Debug|Any CPU
		{10DB302E-3C54-408A-B730-8B306B63F8F9}.Debug|Any CPU.Build.0 = Debug|Any CPU
		{10DB302E-3C54-408A-B730-8B306B63F8F9}.Release|Any CPU.ActiveCfg = Release|Any CPU
		{10DB302E-3C54-408A-B730-8B306B63F8F9}.Release|Any CPU.Build.0 = Release|Any CPU
	EndGlobalSection
	GlobalSection(SolutionProperties) = preSolution
		HideSolutionNode = FALSE
	EndGlobalSection
	GlobalSection(ExtensibilityGlobals) = postSolution
		SolutionGuid = {005D04BC-D353-4469-B28E-DF136756BAE7}
	EndGlobalSection
EndGlobal
